// !$*UTF8*$!
{
	archiveVersion = 1;
	classes = {
	};
	objectVersion = 46;
	objects = {

/* Begin PBXBuildFile section */
		253067311C48F2C600A44853 /* VideoViewController.m in Sources */ = {isa = PBXBuildFile; fileRef = 253067301C48F2C600A44853 /* VideoViewController.m */; };
		253067521C48F4AD00A44853 /* genduo-white@2x.png in Resources */ = {isa = PBXBuildFile; fileRef = 253067341C48F4AD00A44853 /* genduo-white@2x.png */; };
		253067531C48F4AD00A44853 /* genduo-white@3x.png in Resources */ = {isa = PBXBuildFile; fileRef = 253067351C48F4AD00A44853 /* genduo-white@3x.png */; };
		253067541C48F4AD00A44853 /* kr-video-player-close@2x.png in Resources */ = {isa = PBXBuildFile; fileRef = 253067361C48F4AD00A44853 /* kr-video-player-close@2x.png */; };
		253067551C48F4AD00A44853 /* kr-video-player-close@3x.png in Resources */ = {isa = PBXBuildFile; fileRef = 253067371C48F4AD00A44853 /* kr-video-player-close@3x.png */; };
		253067561C48F4AD00A44853 /* kr-video-player-fullscreen@2x.png in Resources */ = {isa = PBXBuildFile; fileRef = 253067381C48F4AD00A44853 /* kr-video-player-fullscreen@2x.png */; };
		253067571C48F4AD00A44853 /* kr-video-player-fullscreen@3x.png in Resources */ = {isa = PBXBuildFile; fileRef = 253067391C48F4AD00A44853 /* kr-video-player-fullscreen@3x.png */; };
		253067581C48F4AD00A44853 /* kr-video-player-pause@2x.png in Resources */ = {isa = PBXBuildFile; fileRef = 2530673A1C48F4AD00A44853 /* kr-video-player-pause@2x.png */; };
		253067591C48F4AD00A44853 /* kr-video-player-pause@3x.png in Resources */ = {isa = PBXBuildFile; fileRef = 2530673B1C48F4AD00A44853 /* kr-video-player-pause@3x.png */; };
		2530675A1C48F4AD00A44853 /* kr-video-player-play@2x.png in Resources */ = {isa = PBXBuildFile; fileRef = 2530673C1C48F4AD00A44853 /* kr-video-player-play@2x.png */; };
		2530675B1C48F4AD00A44853 /* kr-video-player-play@3x.png in Resources */ = {isa = PBXBuildFile; fileRef = 2530673D1C48F4AD00A44853 /* kr-video-player-play@3x.png */; };
		2530675C1C48F4AD00A44853 /* kr-video-player-point@2x.png in Resources */ = {isa = PBXBuildFile; fileRef = 2530673E1C48F4AD00A44853 /* kr-video-player-point@2x.png */; };
		2530675D1C48F4AD00A44853 /* kr-video-player-point@3x.png in Resources */ = {isa = PBXBuildFile; fileRef = 2530673F1C48F4AD00A44853 /* kr-video-player-point@3x.png */; };
		2530675E1C48F4AD00A44853 /* kr-video-player-shrinkscreen@2x.png in Resources */ = {isa = PBXBuildFile; fileRef = 253067401C48F4AD00A44853 /* kr-video-player-shrinkscreen@2x.png */; };
		2530675F1C48F4AD00A44853 /* kr-video-player-shrinkscreen@3x.png in Resources */ = {isa = PBXBuildFile; fileRef = 253067411C48F4AD00A44853 /* kr-video-player-shrinkscreen@3x.png */; };
		253067601C48F4AD00A44853 /* max@2x.png in Resources */ = {isa = PBXBuildFile; fileRef = 253067421C48F4AD00A44853 /* max@2x.png */; };
		253067611C48F4AD00A44853 /* max@3x.png in Resources */ = {isa = PBXBuildFile; fileRef = 253067431C48F4AD00A44853 /* max@3x.png */; };
		253067621C48F4AD00A44853 /* min@2x.png in Resources */ = {isa = PBXBuildFile; fileRef = 253067441C48F4AD00A44853 /* min@2x.png */; };
		253067631C48F4AD00A44853 /* min@3x.png in Resources */ = {isa = PBXBuildFile; fileRef = 253067451C48F4AD00A44853 /* min@3x.png */; };
		253067641C48F4AD00A44853 /* return-white@2x.png in Resources */ = {isa = PBXBuildFile; fileRef = 253067461C48F4AD00A44853 /* return-white@2x.png */; };
		253067651C48F4AD00A44853 /* return-white@3x.png in Resources */ = {isa = PBXBuildFile; fileRef = 253067471C48F4AD00A44853 /* return-white@3x.png */; };
		253067661C48F4AD00A44853 /* zan-red-video@2x.png in Resources */ = {isa = PBXBuildFile; fileRef = 253067481C48F4AD00A44853 /* zan-red-video@2x.png */; };
		253067671C48F4AD00A44853 /* zan-red-video@3x.png in Resources */ = {isa = PBXBuildFile; fileRef = 253067491C48F4AD00A44853 /* zan-red-video@3x.png */; };
		253067681C48F4AD00A44853 /* zan-video@2x.png in Resources */ = {isa = PBXBuildFile; fileRef = 2530674A1C48F4AD00A44853 /* zan-video@2x.png */; };
		253067691C48F4AD00A44853 /* zan-video@3x.png in Resources */ = {isa = PBXBuildFile; fileRef = 2530674B1C48F4AD00A44853 /* zan-video@3x.png */; };
		2530676A1C48F4AD00A44853 /* KrVideoPlayerController.m in Sources */ = {isa = PBXBuildFile; fileRef = 2530674E1C48F4AD00A44853 /* KrVideoPlayerController.m */; };
		2530676B1C48F4AD00A44853 /* KrVideoPlayerControlView.m in Sources */ = {isa = PBXBuildFile; fileRef = 253067501C48F4AD00A44853 /* KrVideoPlayerControlView.m */; };
		2530676C1C48F4AD00A44853 /* READEME.md in Sources */ = {isa = PBXBuildFile; fileRef = 253067511C48F4AD00A44853 /* READEME.md */; };
		257137501C461C8100B0FD8D /* FZLanTYJW_Xian.ttf in Resources */ = {isa = PBXBuildFile; fileRef = 2571374C1C461C8100B0FD8D /* FZLanTYJW_Xian.ttf */; };
		257137511C461C8100B0FD8D /* FZLanTYJW_Zhun.TTF in Resources */ = {isa = PBXBuildFile; fileRef = 2571374D1C461C8100B0FD8D /* FZLanTYJW_Zhun.TTF */; };
		257137521C461C8100B0FD8D /* FZXiYuanB-M01.TTF in Resources */ = {isa = PBXBuildFile; fileRef = 2571374E1C461C8100B0FD8D /* FZXiYuanB-M01.TTF */; };
		257137531C461C8100B0FD8D /* FZZhunYuanB-M02.TTF in Resources */ = {isa = PBXBuildFile; fileRef = 2571374F1C461C8100B0FD8D /* FZZhunYuanB-M02.TTF */; };
		257137561C4635EC00B0FD8D /* SUDUMSocialShare.m in Sources */ = {isa = PBXBuildFile; fileRef = 257137551C4635EC00B0FD8D /* SUDUMSocialShare.m */; };
		257137591C46368500B0FD8D /* SUDTitleViewLabel.m in Sources */ = {isa = PBXBuildFile; fileRef = 257137581C46368500B0FD8D /* SUDTitleViewLabel.m */; };
		257137A71C4785A700B0FD8D /* camera.png in Resources */ = {isa = PBXBuildFile; fileRef = 257137921C4785A700B0FD8D /* camera.png */; };
		257137A81C4785A700B0FD8D /* DNBrowserCell.m in Sources */ = {isa = PBXBuildFile; fileRef = 257137941C4785A700B0FD8D /* DNBrowserCell.m */; };
		257137A91C4785A700B0FD8D /* DNFullImageButton.m in Sources */ = {isa = PBXBuildFile; fileRef = 257137961C4785A700B0FD8D /* DNFullImageButton.m */; };
		257137AA1C4785A700B0FD8D /* DNPhotoBrowser.m in Sources */ = {isa = PBXBuildFile; fileRef = 257137981C4785A700B0FD8D /* DNPhotoBrowser.m */; };
		257137AB1C4785A700B0FD8D /* DNSendButton.m in Sources */ = {isa = PBXBuildFile; fileRef = 2571379A1C4785A700B0FD8D /* DNSendButton.m */; };
		257137AC1C4785A700B0FD8D /* MWTapDetectingImageView.m in Sources */ = {isa = PBXBuildFile; fileRef = 2571379C1C4785A700B0FD8D /* MWTapDetectingImageView.m */; };
		257137AD1C4785A700B0FD8D /* notSelected.png in Resources */ = {isa = PBXBuildFile; fileRef = 2571379D1C4785A700B0FD8D /* notSelected.png */; };
		257137AE1C4785A700B0FD8D /* selected.png in Resources */ = {isa = PBXBuildFile; fileRef = 2571379E1C4785A700B0FD8D /* selected.png */; };
		257137AF1C4785A700B0FD8D /* SGMAlbumViewController.m in Sources */ = {isa = PBXBuildFile; fileRef = 257137A01C4785A700B0FD8D /* SGMAlbumViewController.m */; };
		257137B01C4785A700B0FD8D /* SGMPhotosViewController.m in Sources */ = {isa = PBXBuildFile; fileRef = 257137A21C4785A700B0FD8D /* SGMPhotosViewController.m */; };
		257137B11C4785A700B0FD8D /* UIColor+Hex.m in Sources */ = {isa = PBXBuildFile; fileRef = 257137A41C4785A700B0FD8D /* UIColor+Hex.m */; };
		257137B21C4785A700B0FD8D /* UIView+DNImagePicker.m in Sources */ = {isa = PBXBuildFile; fileRef = 257137A61C4785A700B0FD8D /* UIView+DNImagePicker.m */; };
		257137B61C47866600B0FD8D /* TakePhotoViewController.m in Sources */ = {isa = PBXBuildFile; fileRef = 257137B51C47866600B0FD8D /* TakePhotoViewController.m */; };
		25E02FB01C4347EB00C15D6D /* main.m in Sources */ = {isa = PBXBuildFile; fileRef = 25E02FAF1C4347EB00C15D6D /* main.m */; };
		25E02FB31C4347EB00C15D6D /* AppDelegate.m in Sources */ = {isa = PBXBuildFile; fileRef = 25E02FB21C4347EB00C15D6D /* AppDelegate.m */; };
		25E02FB61C4347EB00C15D6D /* ViewController.m in Sources */ = {isa = PBXBuildFile; fileRef = 25E02FB51C4347EB00C15D6D /* ViewController.m */; };
		25E02FB91C4347EC00C15D6D /* Main.storyboard in Resources */ = {isa = PBXBuildFile; fileRef = 25E02FB71C4347EC00C15D6D /* Main.storyboard */; };
		25E02FBB1C4347EC00C15D6D /* Assets.xcassets in Resources */ = {isa = PBXBuildFile; fileRef = 25E02FBA1C4347EC00C15D6D /* Assets.xcassets */; };
		25E02FBE1C4347EC00C15D6D /* LaunchScreen.storyboard in Resources */ = {isa = PBXBuildFile; fileRef = 25E02FBC1C4347EC00C15D6D /* LaunchScreen.storyboard */; };
		73D22421633470B40F00052A /* libPods.a in Frameworks */ = {isa = PBXBuildFile; fileRef = 0A1B83F9014FBAD50AEB2FC1 /* libPods.a */; };
/* End PBXBuildFile section */

/* Begin PBXFileReference section */
		0A1B83F9014FBAD50AEB2FC1 /* libPods.a */ = {isa = PBXFileReference; explicitFileType = archive.ar; includeInIndex = 0; path = libPods.a; sourceTree = BUILT_PRODUCTS_DIR; };
		2530672F1C48F2C600A44853 /* VideoViewController.h */ = {isa = PBXFileReference; fileEncoding = 4; lastKnownFileType = sourcecode.c.h; path = VideoViewController.h; sourceTree = "<group>"; };
		253067301C48F2C600A44853 /* VideoViewController.m */ = {isa = PBXFileReference; fileEncoding = 4; lastKnownFileType = sourcecode.c.objc; path = VideoViewController.m; sourceTree = "<group>"; };
		253067341C48F4AD00A44853 /* genduo-white@2x.png */ = {isa = PBXFileReference; lastKnownFileType = image.png; path = "genduo-white@2x.png"; sourceTree = "<group>"; };
		253067351C48F4AD00A44853 /* genduo-white@3x.png */ = {isa = PBXFileReference; lastKnownFileType = image.png; path = "genduo-white@3x.png"; sourceTree = "<group>"; };
		253067361C48F4AD00A44853 /* kr-video-player-close@2x.png */ = {isa = PBXFileReference; lastKnownFileType = image.png; path = "kr-video-player-close@2x.png"; sourceTree = "<group>"; };
		253067371C48F4AD00A44853 /* kr-video-player-close@3x.png */ = {isa = PBXFileReference; lastKnownFileType = image.png; path = "kr-video-player-close@3x.png"; sourceTree = "<group>"; };
		253067381C48F4AD00A44853 /* kr-video-player-fullscreen@2x.png */ = {isa = PBXFileReference; lastKnownFileType = image.png; path = "kr-video-player-fullscreen@2x.png"; sourceTree = "<group>"; };
		253067391C48F4AD00A44853 /* kr-video-player-fullscreen@3x.png */ = {isa = PBXFileReference; lastKnownFileType = image.png; path = "kr-video-player-fullscreen@3x.png"; sourceTree = "<group>"; };
		2530673A1C48F4AD00A44853 /* kr-video-player-pause@2x.png */ = {isa = PBXFileReference; lastKnownFileType = image.png; path = "kr-video-player-pause@2x.png"; sourceTree = "<group>"; };
		2530673B1C48F4AD00A44853 /* kr-video-player-pause@3x.png */ = {isa = PBXFileReference; lastKnownFileType = image.png; path = "kr-video-player-pause@3x.png"; sourceTree = "<group>"; };
		2530673C1C48F4AD00A44853 /* kr-video-player-play@2x.png */ = {isa = PBXFileReference; lastKnownFileType = image.png; path = "kr-video-player-play@2x.png"; sourceTree = "<group>"; };
		2530673D1C48F4AD00A44853 /* kr-video-player-play@3x.png */ = {isa = PBXFileReference; lastKnownFileType = image.png; path = "kr-video-player-play@3x.png"; sourceTree = "<group>"; };
		2530673E1C48F4AD00A44853 /* kr-video-player-point@2x.png */ = {isa = PBXFileReference; lastKnownFileType = image.png; path = "kr-video-player-point@2x.png"; sourceTree = "<group>"; };
		2530673F1C48F4AD00A44853 /* kr-video-player-point@3x.png */ = {isa = PBXFileReference; lastKnownFileType = image.png; path = "kr-video-player-point@3x.png"; sourceTree = "<group>"; };
		253067401C48F4AD00A44853 /* kr-video-player-shrinkscreen@2x.png */ = {isa = PBXFileReference; lastKnownFileType = image.png; path = "kr-video-player-shrinkscreen@2x.png"; sourceTree = "<group>"; };
		253067411C48F4AD00A44853 /* kr-video-player-shrinkscreen@3x.png */ = {isa = PBXFileReference; lastKnownFileType = image.png; path = "kr-video-player-shrinkscreen@3x.png"; sourceTree = "<group>"; };
		253067421C48F4AD00A44853 /* max@2x.png */ = {isa = PBXFileReference; lastKnownFileType = image.png; path = "max@2x.png"; sourceTree = "<group>"; };
		253067431C48F4AD00A44853 /* max@3x.png */ = {isa = PBXFileReference; lastKnownFileType = image.png; path = "max@3x.png"; sourceTree = "<group>"; };
		253067441C48F4AD00A44853 /* min@2x.png */ = {isa = PBXFileReference; lastKnownFileType = image.png; path = "min@2x.png"; sourceTree = "<group>"; };
		253067451C48F4AD00A44853 /* min@3x.png */ = {isa = PBXFileReference; lastKnownFileType = image.png; path = "min@3x.png"; sourceTree = "<group>"; };
		253067461C48F4AD00A44853 /* return-white@2x.png */ = {isa = PBXFileReference; lastKnownFileType = image.png; path = "return-white@2x.png"; sourceTree = "<group>"; };
		253067471C48F4AD00A44853 /* return-white@3x.png */ = {isa = PBXFileReference; lastKnownFileType = image.png; path = "return-white@3x.png"; sourceTree = "<group>"; };
		253067481C48F4AD00A44853 /* zan-red-video@2x.png */ = {isa = PBXFileReference; lastKnownFileType = image.png; path = "zan-red-video@2x.png"; sourceTree = "<group>"; };
		253067491C48F4AD00A44853 /* zan-red-video@3x.png */ = {isa = PBXFileReference; lastKnownFileType = image.png; path = "zan-red-video@3x.png"; sourceTree = "<group>"; };
		2530674A1C48F4AD00A44853 /* zan-video@2x.png */ = {isa = PBXFileReference; lastKnownFileType = image.png; path = "zan-video@2x.png"; sourceTree = "<group>"; };
		2530674B1C48F4AD00A44853 /* zan-video@3x.png */ = {isa = PBXFileReference; lastKnownFileType = image.png; path = "zan-video@3x.png"; sourceTree = "<group>"; };
		2530674D1C48F4AD00A44853 /* KrVideoPlayerController.h */ = {isa = PBXFileReference; fileEncoding = 4; lastKnownFileType = sourcecode.c.h; path = KrVideoPlayerController.h; sourceTree = "<group>"; };
		2530674E1C48F4AD00A44853 /* KrVideoPlayerController.m */ = {isa = PBXFileReference; fileEncoding = 4; lastKnownFileType = sourcecode.c.objc; path = KrVideoPlayerController.m; sourceTree = "<group>"; };
		2530674F1C48F4AD00A44853 /* KrVideoPlayerControlView.h */ = {isa = PBXFileReference; fileEncoding = 4; lastKnownFileType = sourcecode.c.h; path = KrVideoPlayerControlView.h; sourceTree = "<group>"; };
		253067501C48F4AD00A44853 /* KrVideoPlayerControlView.m */ = {isa = PBXFileReference; fileEncoding = 4; lastKnownFileType = sourcecode.c.objc; path = KrVideoPlayerControlView.m; sourceTree = "<group>"; };
		253067511C48F4AD00A44853 /* READEME.md */ = {isa = PBXFileReference; fileEncoding = 4; lastKnownFileType = net.daringfireball.markdown; path = READEME.md; sourceTree = "<group>"; };
		2571374C1C461C8100B0FD8D /* FZLanTYJW_Xian.ttf */ = {isa = PBXFileReference; lastKnownFileType = file; path = FZLanTYJW_Xian.ttf; sourceTree = "<group>"; };
		2571374D1C461C8100B0FD8D /* FZLanTYJW_Zhun.TTF */ = {isa = PBXFileReference; lastKnownFileType = file; path = FZLanTYJW_Zhun.TTF; sourceTree = "<group>"; };
		2571374E1C461C8100B0FD8D /* FZXiYuanB-M01.TTF */ = {isa = PBXFileReference; lastKnownFileType = file; path = "FZXiYuanB-M01.TTF"; sourceTree = "<group>"; };
		2571374F1C461C8100B0FD8D /* FZZhunYuanB-M02.TTF */ = {isa = PBXFileReference; lastKnownFileType = file; path = "FZZhunYuanB-M02.TTF"; sourceTree = "<group>"; };
		257137541C4635EC00B0FD8D /* SUDUMSocialShare.h */ = {isa = PBXFileReference; fileEncoding = 4; lastKnownFileType = sourcecode.c.h; path = SUDUMSocialShare.h; sourceTree = "<group>"; };
		257137551C4635EC00B0FD8D /* SUDUMSocialShare.m */ = {isa = PBXFileReference; fileEncoding = 4; lastKnownFileType = sourcecode.c.objc; path = SUDUMSocialShare.m; sourceTree = "<group>"; };
		257137571C46368500B0FD8D /* SUDTitleViewLabel.h */ = {isa = PBXFileReference; fileEncoding = 4; lastKnownFileType = sourcecode.c.h; path = SUDTitleViewLabel.h; sourceTree = "<group>"; };
		257137581C46368500B0FD8D /* SUDTitleViewLabel.m */ = {isa = PBXFileReference; fileEncoding = 4; lastKnownFileType = sourcecode.c.objc; path = SUDTitleViewLabel.m; sourceTree = "<group>"; };
		257137921C4785A700B0FD8D /* camera.png */ = {isa = PBXFileReference; lastKnownFileType = image.png; path = camera.png; sourceTree = "<group>"; };
		257137931C4785A700B0FD8D /* DNBrowserCell.h */ = {isa = PBXFileReference; fileEncoding = 4; lastKnownFileType = sourcecode.c.h; path = DNBrowserCell.h; sourceTree = "<group>"; };
		257137941C4785A700B0FD8D /* DNBrowserCell.m */ = {isa = PBXFileReference; fileEncoding = 4; lastKnownFileType = sourcecode.c.objc; path = DNBrowserCell.m; sourceTree = "<group>"; };
		257137951C4785A700B0FD8D /* DNFullImageButton.h */ = {isa = PBXFileReference; fileEncoding = 4; lastKnownFileType = sourcecode.c.h; path = DNFullImageButton.h; sourceTree = "<group>"; };
		257137961C4785A700B0FD8D /* DNFullImageButton.m */ = {isa = PBXFileReference; fileEncoding = 4; lastKnownFileType = sourcecode.c.objc; path = DNFullImageButton.m; sourceTree = "<group>"; };
		257137971C4785A700B0FD8D /* DNPhotoBrowser.h */ = {isa = PBXFileReference; fileEncoding = 4; lastKnownFileType = sourcecode.c.h; path = DNPhotoBrowser.h; sourceTree = "<group>"; };
		257137981C4785A700B0FD8D /* DNPhotoBrowser.m */ = {isa = PBXFileReference; fileEncoding = 4; lastKnownFileType = sourcecode.c.objc; path = DNPhotoBrowser.m; sourceTree = "<group>"; };
		257137991C4785A700B0FD8D /* DNSendButton.h */ = {isa = PBXFileReference; fileEncoding = 4; lastKnownFileType = sourcecode.c.h; path = DNSendButton.h; sourceTree = "<group>"; };
		2571379A1C4785A700B0FD8D /* DNSendButton.m */ = {isa = PBXFileReference; fileEncoding = 4; lastKnownFileType = sourcecode.c.objc; path = DNSendButton.m; sourceTree = "<group>"; };
		2571379B1C4785A700B0FD8D /* MWTapDetectingImageView.h */ = {isa = PBXFileReference; fileEncoding = 4; lastKnownFileType = sourcecode.c.h; path = MWTapDetectingImageView.h; sourceTree = "<group>"; };
		2571379C1C4785A700B0FD8D /* MWTapDetectingImageView.m */ = {isa = PBXFileReference; fileEncoding = 4; lastKnownFileType = sourcecode.c.objc; path = MWTapDetectingImageView.m; sourceTree = "<group>"; };
		2571379D1C4785A700B0FD8D /* notSelected.png */ = {isa = PBXFileReference; lastKnownFileType = image.png; path = notSelected.png; sourceTree = "<group>"; };
		2571379E1C4785A700B0FD8D /* selected.png */ = {isa = PBXFileReference; lastKnownFileType = image.png; path = selected.png; sourceTree = "<group>"; };
		2571379F1C4785A700B0FD8D /* SGMAlbumViewController.h */ = {isa = PBXFileReference; fileEncoding = 4; lastKnownFileType = sourcecode.c.h; path = SGMAlbumViewController.h; sourceTree = "<group>"; };
		257137A01C4785A700B0FD8D /* SGMAlbumViewController.m */ = {isa = PBXFileReference; fileEncoding = 4; lastKnownFileType = sourcecode.c.objc; path = SGMAlbumViewController.m; sourceTree = "<group>"; };
		257137A11C4785A700B0FD8D /* SGMPhotosViewController.h */ = {isa = PBXFileReference; fileEncoding = 4; lastKnownFileType = sourcecode.c.h; path = SGMPhotosViewController.h; sourceTree = "<group>"; };
		257137A21C4785A700B0FD8D /* SGMPhotosViewController.m */ = {isa = PBXFileReference; fileEncoding = 4; lastKnownFileType = sourcecode.c.objc; path = SGMPhotosViewController.m; sourceTree = "<group>"; };
		257137A31C4785A700B0FD8D /* UIColor+Hex.h */ = {isa = PBXFileReference; fileEncoding = 4; lastKnownFileType = sourcecode.c.h; path = "UIColor+Hex.h"; sourceTree = "<group>"; };
		257137A41C4785A700B0FD8D /* UIColor+Hex.m */ = {isa = PBXFileReference; fileEncoding = 4; lastKnownFileType = sourcecode.c.objc; path = "UIColor+Hex.m"; sourceTree = "<group>"; };
		257137A51C4785A700B0FD8D /* UIView+DNImagePicker.h */ = {isa = PBXFileReference; fileEncoding = 4; lastKnownFileType = sourcecode.c.h; path = "UIView+DNImagePicker.h"; sourceTree = "<group>"; };
		257137A61C4785A700B0FD8D /* UIView+DNImagePicker.m */ = {isa = PBXFileReference; fileEncoding = 4; lastKnownFileType = sourcecode.c.objc; path = "UIView+DNImagePicker.m"; sourceTree = "<group>"; };
		257137B41C47866600B0FD8D /* TakePhotoViewController.h */ = {isa = PBXFileReference; fileEncoding = 4; lastKnownFileType = sourcecode.c.h; path = TakePhotoViewController.h; sourceTree = "<group>"; };
		257137B51C47866600B0FD8D /* TakePhotoViewController.m */ = {isa = PBXFileReference; fileEncoding = 4; lastKnownFileType = sourcecode.c.objc; path = TakePhotoViewController.m; sourceTree = "<group>"; };
		259A0BFC5D71ECD8497EA745 /* Pods.release.xcconfig */ = {isa = PBXFileReference; includeInIndex = 1; lastKnownFileType = text.xcconfig; name = Pods.release.xcconfig; path = "Pods/Target Support Files/Pods/Pods.release.xcconfig"; sourceTree = "<group>"; };
		25E02FAB1C4347EB00C15D6D /* UMSocialShare.app */ = {isa = PBXFileReference; explicitFileType = wrapper.application; includeInIndex = 0; path = UMSocialShare.app; sourceTree = BUILT_PRODUCTS_DIR; };
		25E02FAF1C4347EB00C15D6D /* main.m */ = {isa = PBXFileReference; lastKnownFileType = sourcecode.c.objc; path = main.m; sourceTree = "<group>"; };
		25E02FB11C4347EB00C15D6D /* AppDelegate.h */ = {isa = PBXFileReference; lastKnownFileType = sourcecode.c.h; path = AppDelegate.h; sourceTree = "<group>"; };
		25E02FB21C4347EB00C15D6D /* AppDelegate.m */ = {isa = PBXFileReference; lastKnownFileType = sourcecode.c.objc; path = AppDelegate.m; sourceTree = "<group>"; };
		25E02FB41C4347EB00C15D6D /* ViewController.h */ = {isa = PBXFileReference; lastKnownFileType = sourcecode.c.h; path = ViewController.h; sourceTree = "<group>"; };
		25E02FB51C4347EB00C15D6D /* ViewController.m */ = {isa = PBXFileReference; lastKnownFileType = sourcecode.c.objc; path = ViewController.m; sourceTree = "<group>"; };
		25E02FB81C4347EC00C15D6D /* Base */ = {isa = PBXFileReference; lastKnownFileType = file.storyboard; name = Base; path = Base.lproj/Main.storyboard; sourceTree = "<group>"; };
		25E02FBA1C4347EC00C15D6D /* Assets.xcassets */ = {isa = PBXFileReference; lastKnownFileType = folder.assetcatalog; path = Assets.xcassets; sourceTree = "<group>"; };
		25E02FBD1C4347EC00C15D6D /* Base */ = {isa = PBXFileReference; lastKnownFileType = file.storyboard; name = Base; path = Base.lproj/LaunchScreen.storyboard; sourceTree = "<group>"; };
		25E02FBF1C4347EC00C15D6D /* Info.plist */ = {isa = PBXFileReference; lastKnownFileType = text.plist.xml; path = Info.plist; sourceTree = "<group>"; };
		A71769B695AC700D7101B105 /* Pods.debug.xcconfig */ = {isa = PBXFileReference; includeInIndex = 1; lastKnownFileType = text.xcconfig; name = Pods.debug.xcconfig; path = "Pods/Target Support Files/Pods/Pods.debug.xcconfig"; sourceTree = "<group>"; };
/* End PBXFileReference section */

/* Begin PBXFrameworksBuildPhase section */
		25E02FA81C4347EB00C15D6D /* Frameworks */ = {
			isa = PBXFrameworksBuildPhase;
			buildActionMask = 2147483647;
			files = (
				73D22421633470B40F00052A /* libPods.a in Frameworks */,
			);
			runOnlyForDeploymentPostprocessing = 0;
		};
/* End PBXFrameworksBuildPhase section */

/* Begin PBXGroup section */
		253066EE1C48F06B00A44853 /* SUDVideoPlayer */ = {
			isa = PBXGroup;
			children = (
				253067321C48F4AD00A44853 /* KrVideoPlayer */,
			);
			name = SUDVideoPlayer;
			path = UMSocialShare/SUDVideoPlayer;
			sourceTree = "<group>";
		};
		2530672E1C48F2B200A44853 /* VideoDemo */ = {
			isa = PBXGroup;
			children = (
				2530672F1C48F2C600A44853 /* VideoViewController.h */,
				253067301C48F2C600A44853 /* VideoViewController.m */,
			);
			path = VideoDemo;
			sourceTree = "<group>";
		};
		253067321C48F4AD00A44853 /* KrVideoPlayer */ = {
			isa = PBXGroup;
			children = (
				253067331C48F4AD00A44853 /* Assets */,
				2530674C1C48F4AD00A44853 /* Classes */,
				253067511C48F4AD00A44853 /* READEME.md */,
			);
			path = KrVideoPlayer;
			sourceTree = "<group>";
		};
		253067331C48F4AD00A44853 /* Assets */ = {
			isa = PBXGroup;
			children = (
				253067341C48F4AD00A44853 /* genduo-white@2x.png */,
				253067351C48F4AD00A44853 /* genduo-white@3x.png */,
				253067361C48F4AD00A44853 /* kr-video-player-close@2x.png */,
				253067371C48F4AD00A44853 /* kr-video-player-close@3x.png */,
				253067381C48F4AD00A44853 /* kr-video-player-fullscreen@2x.png */,
				253067391C48F4AD00A44853 /* kr-video-player-fullscreen@3x.png */,
				2530673A1C48F4AD00A44853 /* kr-video-player-pause@2x.png */,
				2530673B1C48F4AD00A44853 /* kr-video-player-pause@3x.png */,
				2530673C1C48F4AD00A44853 /* kr-video-player-play@2x.png */,
				2530673D1C48F4AD00A44853 /* kr-video-player-play@3x.png */,
				2530673E1C48F4AD00A44853 /* kr-video-player-point@2x.png */,
				2530673F1C48F4AD00A44853 /* kr-video-player-point@3x.png */,
				253067401C48F4AD00A44853 /* kr-video-player-shrinkscreen@2x.png */,
				253067411C48F4AD00A44853 /* kr-video-player-shrinkscreen@3x.png */,
				253067421C48F4AD00A44853 /* max@2x.png */,
				253067431C48F4AD00A44853 /* max@3x.png */,
				253067441C48F4AD00A44853 /* min@2x.png */,
				253067451C48F4AD00A44853 /* min@3x.png */,
				253067461C48F4AD00A44853 /* return-white@2x.png */,
				253067471C48F4AD00A44853 /* return-white@3x.png */,
				253067481C48F4AD00A44853 /* zan-red-video@2x.png */,
				253067491C48F4AD00A44853 /* zan-red-video@3x.png */,
				2530674A1C48F4AD00A44853 /* zan-video@2x.png */,
				2530674B1C48F4AD00A44853 /* zan-video@3x.png */,
			);
			path = Assets;
			sourceTree = "<group>";
		};
		2530674C1C48F4AD00A44853 /* Classes */ = {
			isa = PBXGroup;
			children = (
				2530674D1C48F4AD00A44853 /* KrVideoPlayerController.h */,
				2530674E1C48F4AD00A44853 /* KrVideoPlayerController.m */,
				2530674F1C48F4AD00A44853 /* KrVideoPlayerControlView.h */,
				253067501C48F4AD00A44853 /* KrVideoPlayerControlView.m */,
			);
			path = Classes;
			sourceTree = "<group>";
		};
		2571374A1C46143800B0FD8D /* UMSocialShareMethod */ = {
			isa = PBXGroup;
			children = (
				257137541C4635EC00B0FD8D /* SUDUMSocialShare.h */,
				257137551C4635EC00B0FD8D /* SUDUMSocialShare.m */,
			);
			name = UMSocialShareMethod;
			path = UMSocialShare/UMSocialShareMethod;
			sourceTree = "<group>";
		};
		2571374B1C461C8100B0FD8D /* Resource */ = {
			isa = PBXGroup;
			children = (
				2571374C1C461C8100B0FD8D /* FZLanTYJW_Xian.ttf */,
				2571374D1C461C8100B0FD8D /* FZLanTYJW_Zhun.TTF */,
				2571374E1C461C8100B0FD8D /* FZXiYuanB-M01.TTF */,
				2571374F1C461C8100B0FD8D /* FZZhunYuanB-M02.TTF */,
			);
			name = Resource;
			path = UMSocialShare/Resource;
			sourceTree = "<group>";
		};
		257137911C4785A700B0FD8D /* SUDPhotosPick */ = {
			isa = PBXGroup;
			children = (
				257137921C4785A700B0FD8D /* camera.png */,
				257137931C4785A700B0FD8D /* DNBrowserCell.h */,
				257137941C4785A700B0FD8D /* DNBrowserCell.m */,
				257137951C4785A700B0FD8D /* DNFullImageButton.h */,
				257137961C4785A700B0FD8D /* DNFullImageButton.m */,
				257137971C4785A700B0FD8D /* DNPhotoBrowser.h */,
				257137981C4785A700B0FD8D /* DNPhotoBrowser.m */,
				257137991C4785A700B0FD8D /* DNSendButton.h */,
				2571379A1C4785A700B0FD8D /* DNSendButton.m */,
				2571379B1C4785A700B0FD8D /* MWTapDetectingImageView.h */,
				2571379C1C4785A700B0FD8D /* MWTapDetectingImageView.m */,
				2571379D1C4785A700B0FD8D /* notSelected.png */,
				2571379E1C4785A700B0FD8D /* selected.png */,
				2571379F1C4785A700B0FD8D /* SGMAlbumViewController.h */,
				257137A01C4785A700B0FD8D /* SGMAlbumViewController.m */,
				257137A11C4785A700B0FD8D /* SGMPhotosViewController.h */,
				257137A21C4785A700B0FD8D /* SGMPhotosViewController.m */,
				257137A31C4785A700B0FD8D /* UIColor+Hex.h */,
				257137A41C4785A700B0FD8D /* UIColor+Hex.m */,
				257137A51C4785A700B0FD8D /* UIView+DNImagePicker.h */,
				257137A61C4785A700B0FD8D /* UIView+DNImagePicker.m */,
			);
			name = SUDPhotosPick;
			path = UMSocialShare/SUDPhotosPick;
			sourceTree = "<group>";
		};
		257137B31C47864B00B0FD8D /* PickPhotoDemo */ = {
			isa = PBXGroup;
			children = (
				257137B41C47866600B0FD8D /* TakePhotoViewController.h */,
				257137B51C47866600B0FD8D /* TakePhotoViewController.m */,
			);
			path = PickPhotoDemo;
			sourceTree = "<group>";
		};
		25E02FA21C4347EB00C15D6D = {
			isa = PBXGroup;
			children = (
				253066EE1C48F06B00A44853 /* SUDVideoPlayer */,
				257137911C4785A700B0FD8D /* SUDPhotosPick */,
				2571374B1C461C8100B0FD8D /* Resource */,
				2571374A1C46143800B0FD8D /* UMSocialShareMethod */,
				25E02FAD1C4347EB00C15D6D /* UMSocialShare */,
				25E02FAC1C4347EB00C15D6D /* Products */,
				F93BB5EF023AD0831F5D7BC1 /* Pods */,
				E641A89431D2383FD7F7C41E /* Frameworks */,
			);
			sourceTree = "<group>";
		};
		25E02FAC1C4347EB00C15D6D /* Products */ = {
			isa = PBXGroup;
			children = (
				25E02FAB1C4347EB00C15D6D /* UMSocialShare.app */,
			);
			name = Products;
			sourceTree = "<group>";
		};
		25E02FAD1C4347EB00C15D6D /* UMSocialShare */ = {
			isa = PBXGroup;
			children = (
				2530672E1C48F2B200A44853 /* VideoDemo */,
				257137B31C47864B00B0FD8D /* PickPhotoDemo */,
				25E02FB11C4347EB00C15D6D /* AppDelegate.h */,
				25E02FB21C4347EB00C15D6D /* AppDelegate.m */,
				25E02FB41C4347EB00C15D6D /* ViewController.h */,
				25E02FB51C4347EB00C15D6D /* ViewController.m */,
				257137571C46368500B0FD8D /* SUDTitleViewLabel.h */,
				257137581C46368500B0FD8D /* SUDTitleViewLabel.m */,
				25E02FB71C4347EC00C15D6D /* Main.storyboard */,
				25E02FBA1C4347EC00C15D6D /* Assets.xcassets */,
				25E02FBC1C4347EC00C15D6D /* LaunchScreen.storyboard */,
				25E02FBF1C4347EC00C15D6D /* Info.plist */,
				25E02FAE1C4347EB00C15D6D /* Supporting Files */,
			);
			path = UMSocialShare;
			sourceTree = "<group>";
		};
		25E02FAE1C4347EB00C15D6D /* Supporting Files */ = {
			isa = PBXGroup;
			children = (
				25E02FAF1C4347EB00C15D6D /* main.m */,
			);
			name = "Supporting Files";
			sourceTree = "<group>";
		};
		E641A89431D2383FD7F7C41E /* Frameworks */ = {
			isa = PBXGroup;
			children = (
				0A1B83F9014FBAD50AEB2FC1 /* libPods.a */,
			);
			name = Frameworks;
			sourceTree = "<group>";
		};
		F93BB5EF023AD0831F5D7BC1 /* Pods */ = {
			isa = PBXGroup;
			children = (
				A71769B695AC700D7101B105 /* Pods.debug.xcconfig */,
				259A0BFC5D71ECD8497EA745 /* Pods.release.xcconfig */,
			);
			name = Pods;
			sourceTree = "<group>";
		};
/* End PBXGroup section */

/* Begin PBXNativeTarget section */
		25E02FAA1C4347EB00C15D6D /* UMSocialShare */ = {
			isa = PBXNativeTarget;
			buildConfigurationList = 25E02FC21C4347EC00C15D6D /* Build configuration list for PBXNativeTarget "UMSocialShare" */;
			buildPhases = (
				95F54FA516A0F86740152330 /* Check Pods Manifest.lock */,
				25E02FA71C4347EB00C15D6D /* Sources */,
				25E02FA81C4347EB00C15D6D /* Frameworks */,
				25E02FA91C4347EB00C15D6D /* Resources */,
				72D7893EFC6765AAA35CAAFF /* Copy Pods Resources */,
			);
			buildRules = (
			);
			dependencies = (
			);
			name = UMSocialShare;
			productName = UMSocialShare;
			productReference = 25E02FAB1C4347EB00C15D6D /* UMSocialShare.app */;
			productType = "com.apple.product-type.application";
		};
/* End PBXNativeTarget section */

/* Begin PBXProject section */
		25E02FA31C4347EB00C15D6D /* Project object */ = {
			isa = PBXProject;
			attributes = {
				LastUpgradeCheck = 0710;
				ORGANIZATIONNAME = "李赐岩";
				TargetAttributes = {
					25E02FAA1C4347EB00C15D6D = {
						CreatedOnToolsVersion = 7.1;
						DevelopmentTeam = Y6J58CUHLQ;
					};
				};
			};
			buildConfigurationList = 25E02FA61C4347EB00C15D6D /* Build configuration list for PBXProject "UMSocialShare" */;
			compatibilityVersion = "Xcode 3.2";
			developmentRegion = English;
			hasScannedForEncodings = 0;
			knownRegions = (
				en,
				Base,
				"zh-Hans",
			);
			mainGroup = 25E02FA21C4347EB00C15D6D;
			productRefGroup = 25E02FAC1C4347EB00C15D6D /* Products */;
			projectDirPath = "";
			projectRoot = "";
			targets = (
				25E02FAA1C4347EB00C15D6D /* UMSocialShare */,
			);
		};
/* End PBXProject section */

/* Begin PBXResourcesBuildPhase section */
		25E02FA91C4347EB00C15D6D /* Resources */ = {
			isa = PBXResourcesBuildPhase;
			buildActionMask = 2147483647;
			files = (
				253067601C48F4AD00A44853 /* max@2x.png in Resources */,
				2530675D1C48F4AD00A44853 /* kr-video-player-point@3x.png in Resources */,
				253067521C48F4AD00A44853 /* genduo-white@2x.png in Resources */,
				253067641C48F4AD00A44853 /* return-white@2x.png in Resources */,
				25E02FBE1C4347EC00C15D6D /* LaunchScreen.storyboard in Resources */,
				253067631C48F4AD00A44853 /* min@3x.png in Resources */,
				257137531C461C8100B0FD8D /* FZZhunYuanB-M02.TTF in Resources */,
				253067671C48F4AD00A44853 /* zan-red-video@3x.png in Resources */,
				257137511C461C8100B0FD8D /* FZLanTYJW_Zhun.TTF in Resources */,
				2530675A1C48F4AD00A44853 /* kr-video-player-play@2x.png in Resources */,
				2530675E1C48F4AD00A44853 /* kr-video-player-shrinkscreen@2x.png in Resources */,
				253067681C48F4AD00A44853 /* zan-video@2x.png in Resources */,
				253067661C48F4AD00A44853 /* zan-red-video@2x.png in Resources */,
				25E02FBB1C4347EC00C15D6D /* Assets.xcassets in Resources */,
				2530675F1C48F4AD00A44853 /* kr-video-player-shrinkscreen@3x.png in Resources */,
				257137501C461C8100B0FD8D /* FZLanTYJW_Xian.ttf in Resources */,
				253067591C48F4AD00A44853 /* kr-video-player-pause@3x.png in Resources */,
				257137521C461C8100B0FD8D /* FZXiYuanB-M01.TTF in Resources */,
				253067581C48F4AD00A44853 /* kr-video-player-pause@2x.png in Resources */,
				257137A71C4785A700B0FD8D /* camera.png in Resources */,
				2530675C1C48F4AD00A44853 /* kr-video-player-point@2x.png in Resources */,
				253067611C48F4AD00A44853 /* max@3x.png in Resources */,
				25E02FB91C4347EC00C15D6D /* Main.storyboard in Resources */,
				253067691C48F4AD00A44853 /* zan-video@3x.png in Resources */,
				253067541C48F4AD00A44853 /* kr-video-player-close@2x.png in Resources */,
				253067561C48F4AD00A44853 /* kr-video-player-fullscreen@2x.png in Resources */,
				253067551C48F4AD00A44853 /* kr-video-player-close@3x.png in Resources */,
				2530675B1C48F4AD00A44853 /* kr-video-player-play@3x.png in Resources */,
				253067531C48F4AD00A44853 /* genduo-white@3x.png in Resources */,
				257137AE1C4785A700B0FD8D /* selected.png in Resources */,
				253067621C48F4AD00A44853 /* min@2x.png in Resources */,
				253067571C48F4AD00A44853 /* kr-video-player-fullscreen@3x.png in Resources */,
				257137AD1C4785A700B0FD8D /* notSelected.png in Resources */,
				253067651C48F4AD00A44853 /* return-white@3x.png in Resources */,
			);
			runOnlyForDeploymentPostprocessing = 0;
		};
/* End PBXResourcesBuildPhase section */

/* Begin PBXShellScriptBuildPhase section */
		72D7893EFC6765AAA35CAAFF /* Copy Pods Resources */ = {
			isa = PBXShellScriptBuildPhase;
			buildActionMask = 2147483647;
			files = (
			);
			inputPaths = (
			);
			name = "Copy Pods Resources";
			outputPaths = (
			);
			runOnlyForDeploymentPostprocessing = 0;
			shellPath = /bin/sh;
			shellScript = "\"${SRCROOT}/Pods/Target Support Files/Pods/Pods-resources.sh\"\n";
			showEnvVarsInLog = 0;
		};
		95F54FA516A0F86740152330 /* Check Pods Manifest.lock */ = {
			isa = PBXShellScriptBuildPhase;
			buildActionMask = 2147483647;
			files = (
			);
			inputPaths = (
			);
			name = "Check Pods Manifest.lock";
			outputPaths = (
			);
			runOnlyForDeploymentPostprocessing = 0;
			shellPath = /bin/sh;
			shellScript = "diff \"${PODS_ROOT}/../Podfile.lock\" \"${PODS_ROOT}/Manifest.lock\" > /dev/null\nif [[ $? != 0 ]] ; then\n    cat << EOM\nerror: The sandbox is not in sync with the Podfile.lock. Run 'pod install' or update your CocoaPods installation.\nEOM\n    exit 1\nfi\n";
			showEnvVarsInLog = 0;
		};
/* End PBXShellScriptBuildPhase section */

/* Begin PBXSourcesBuildPhase section */
		25E02FA71C4347EB00C15D6D /* Sources */ = {
			isa = PBXSourcesBuildPhase;
			buildActionMask = 2147483647;
			files = (
				25E02FB61C4347EB00C15D6D /* ViewController.m in Sources */,
				253067311C48F2C600A44853 /* VideoViewController.m in Sources */,
				2530676C1C48F4AD00A44853 /* READEME.md in Sources */,
				257137A91C4785A700B0FD8D /* DNFullImageButton.m in Sources */,
				257137AB1C4785A700B0FD8D /* DNSendButton.m in Sources */,
				257137561C4635EC00B0FD8D /* SUDUMSocialShare.m in Sources */,
				257137AA1C4785A700B0FD8D /* DNPhotoBrowser.m in Sources */,
				257137A81C4785A700B0FD8D /* DNBrowserCell.m in Sources */,
				25E02FB31C4347EB00C15D6D /* AppDelegate.m in Sources */,
				25E02FB01C4347EB00C15D6D /* main.m in Sources */,
				257137AC1C4785A700B0FD8D /* MWTapDetectingImageView.m in Sources */,
				257137591C46368500B0FD8D /* SUDTitleViewLabel.m in Sources */,
				257137B61C47866600B0FD8D /* TakePhotoViewController.m in Sources */,
				257137AF1C4785A700B0FD8D /* SGMAlbumViewController.m in Sources */,
				2530676A1C48F4AD00A44853 /* KrVideoPlayerController.m in Sources */,
				257137B01C4785A700B0FD8D /* SGMPhotosViewController.m in Sources */,
				257137B21C4785A700B0FD8D /* UIView+DNImagePicker.m in Sources */,
				2530676B1C48F4AD00A44853 /* KrVideoPlayerControlView.m in Sources */,
				257137B11C4785A700B0FD8D /* UIColor+Hex.m in Sources */,
			);
			runOnlyForDeploymentPostprocessing = 0;
		};
/* End PBXSourcesBuildPhase section */

/* Begin PBXVariantGroup section */
		25E02FB71C4347EC00C15D6D /* Main.storyboard */ = {
			isa = PBXVariantGroup;
			children = (
				25E02FB81C4347EC00C15D6D /* Base */,
			);
			name = Main.storyboard;
			sourceTree = "<group>";
		};
		25E02FBC1C4347EC00C15D6D /* LaunchScreen.storyboard */ = {
			isa = PBXVariantGroup;
			children = (
				25E02FBD1C4347EC00C15D6D /* Base */,
			);
			name = LaunchScreen.storyboard;
			sourceTree = "<group>";
		};
/* End PBXVariantGroup section */

/* Begin XCBuildConfiguration section */
		25E02FC01C4347EC00C15D6D /* Debug */ = {
			isa = XCBuildConfiguration;
			buildSettings = {
				ALWAYS_SEARCH_USER_PATHS = NO;
				CLANG_CXX_LANGUAGE_STANDARD = "gnu++0x";
				CLANG_CXX_LIBRARY = "libc++";
				CLANG_ENABLE_MODULES = YES;
				CLANG_ENABLE_OBJC_ARC = YES;
				CLANG_WARN_BOOL_CONVERSION = YES;
				CLANG_WARN_CONSTANT_CONVERSION = YES;
				CLANG_WARN_DIRECT_OBJC_ISA_USAGE = YES_ERROR;
				CLANG_WARN_EMPTY_BODY = YES;
				CLANG_WARN_ENUM_CONVERSION = YES;
				CLANG_WARN_INT_CONVERSION = YES;
				CLANG_WARN_OBJC_ROOT_CLASS = YES_ERROR;
				CLANG_WARN_UNREACHABLE_CODE = YES;
				CLANG_WARN__DUPLICATE_METHOD_MATCH = YES;
				"CODE_SIGN_IDENTITY[sdk=iphoneos*]" = "iPhone Developer";
				COPY_PHASE_STRIP = NO;
				DEBUG_INFORMATION_FORMAT = dwarf;
				ENABLE_STRICT_OBJC_MSGSEND = YES;
				ENABLE_TESTABILITY = YES;
				GCC_C_LANGUAGE_STANDARD = gnu99;
				GCC_DYNAMIC_NO_PIC = NO;
				GCC_NO_COMMON_BLOCKS = YES;
				GCC_OPTIMIZATION_LEVEL = 0;
				GCC_PREPROCESSOR_DEFINITIONS = (
					"DEBUG=1",
					"$(inherited)",
				);
				GCC_WARN_64_TO_32_BIT_CONVERSION = YES;
				GCC_WARN_ABOUT_RETURN_TYPE = YES_ERROR;
				GCC_WARN_UNDECLARED_SELECTOR = YES;
				GCC_WARN_UNINITIALIZED_AUTOS = YES_AGGRESSIVE;
				GCC_WARN_UNUSED_FUNCTION = YES;
				GCC_WARN_UNUSED_VARIABLE = YES;
				IPHONEOS_DEPLOYMENT_TARGET = 9.1;
				MTL_ENABLE_DEBUG_INFO = YES;
				ONLY_ACTIVE_ARCH = YES;
				SDKROOT = iphoneos;
				TARGETED_DEVICE_FAMILY = "1,2";
			};
			name = Debug;
		};
		25E02FC11C4347EC00C15D6D /* Release */ = {
			isa = XCBuildConfiguration;
			buildSettings = {
				ALWAYS_SEARCH_USER_PATHS = NO;
				CLANG_CXX_LANGUAGE_STANDARD = "gnu++0x";
				CLANG_CXX_LIBRARY = "libc++";
				CLANG_ENABLE_MODULES = YES;
				CLANG_ENABLE_OBJC_ARC = YES;
				CLANG_WARN_BOOL_CONVERSION = YES;
				CLANG_WARN_CONSTANT_CONVERSION = YES;
				CLANG_WARN_DIRECT_OBJC_ISA_USAGE = YES_ERROR;
				CLANG_WARN_EMPTY_BODY = YES;
				CLANG_WARN_ENUM_CONVERSION = YES;
				CLANG_WARN_INT_CONVERSION = YES;
				CLANG_WARN_OBJC_ROOT_CLASS = YES_ERROR;
				CLANG_WARN_UNREACHABLE_CODE = YES;
				CLANG_WARN__DUPLICATE_METHOD_MATCH = YES;
				"CODE_SIGN_IDENTITY[sdk=iphoneos*]" = "iPhone Developer";
				COPY_PHASE_STRIP = NO;
				DEBUG_INFORMATION_FORMAT = "dwarf-with-dsym";
				ENABLE_NS_ASSERTIONS = NO;
				ENABLE_STRICT_OBJC_MSGSEND = YES;
				GCC_C_LANGUAGE_STANDARD = gnu99;
				GCC_NO_COMMON_BLOCKS = YES;
				GCC_WARN_64_TO_32_BIT_CONVERSION = YES;
				GCC_WARN_ABOUT_RETURN_TYPE = YES_ERROR;
				GCC_WARN_UNDECLARED_SELECTOR = YES;
				GCC_WARN_UNINITIALIZED_AUTOS = YES_AGGRESSIVE;
				GCC_WARN_UNUSED_FUNCTION = YES;
				GCC_WARN_UNUSED_VARIABLE = YES;
				IPHONEOS_DEPLOYMENT_TARGET = 9.1;
				MTL_ENABLE_DEBUG_INFO = NO;
				SDKROOT = iphoneos;
				TARGETED_DEVICE_FAMILY = "1,2";
				VALIDATE_PRODUCT = YES;
			};
			name = Release;
		};
		25E02FC31C4347EC00C15D6D /* Debug */ = {
			isa = XCBuildConfiguration;
			baseConfigurationReference = A71769B695AC700D7101B105 /* Pods.debug.xcconfig */;
			buildSettings = {
				ASSETCATALOG_COMPILER_APPICON_NAME = AppIcon;
				CODE_SIGN_IDENTITY = "iPhone Developer";
				ENABLE_BITCODE = NO;
				FRAMEWORK_SEARCH_PATHS = (
					"$(inherited)",
					"$(PROJECT_DIR)/Pods/UMengSocial/Umeng_SDK_Social_iOS_ARM64_4.4/UMSocial_Sdk_Extra_Frameworks/Facebook",
					"$(PROJECT_DIR)/Pods/UMengSocial/Umeng_SDK_Social_iOS_ARM64_4.4/UMSocial_Sdk_Extra_Frameworks/TencentOpenAPI",
					"$(PROJECT_DIR)/Pods/UMengSocial/Umeng_SDK_Social_iOS_ARM64_4.4/UMSocial_Sdk_Extra_Frameworks/Twitter",
				);
				INFOPLIST_FILE = UMSocialShare/Info.plist;
				IPHONEOS_DEPLOYMENT_TARGET = 7.0;
				LD_RUNPATH_SEARCH_PATHS = "$(inherited) @executable_path/Frameworks";
				LIBRARY_SEARCH_PATHS = (
					"$(inherited)",
					"$(PROJECT_DIR)/Pods/UMengSocial/Umeng_SDK_Social_iOS_ARM64_4.4/UMSocial_Sdk_4.4",
					"$(PROJECT_DIR)/Pods/UMengSocial/Umeng_SDK_Social_iOS_ARM64_4.4/UMSocial_Sdk_Extra_Frameworks/AlipayShare",
					"$(PROJECT_DIR)/Pods/UMengSocial/Umeng_SDK_Social_iOS_ARM64_4.4/UMSocial_Sdk_Extra_Frameworks/Facebook",
					"$(PROJECT_DIR)/Pods/UMengSocial/Umeng_SDK_Social_iOS_ARM64_4.4/UMSocial_Sdk_Extra_Frameworks/Instagram",
					"$(PROJECT_DIR)/Pods/UMengSocial/Umeng_SDK_Social_iOS_ARM64_4.4/UMSocial_Sdk_Extra_Frameworks/LaiWang",
					"$(PROJECT_DIR)/Pods/UMengSocial/Umeng_SDK_Social_iOS_ARM64_4.4/UMSocial_Sdk_Extra_Frameworks/Line",
					"$(PROJECT_DIR)/Pods/UMengSocial/Umeng_SDK_Social_iOS_ARM64_4.4/UMSocial_Sdk_Extra_Frameworks/Sina",
					"$(PROJECT_DIR)/Pods/UMengSocial/Umeng_SDK_Social_iOS_ARM64_4.4/UMSocial_Sdk_Extra_Frameworks/SinaSSO",
					"$(PROJECT_DIR)/Pods/UMengSocial/Umeng_SDK_Social_iOS_ARM64_4.4/UMSocial_Sdk_Extra_Frameworks/TencentOpenAPI",
					"$(PROJECT_DIR)/Pods/UMengSocial/Umeng_SDK_Social_iOS_ARM64_4.4/UMSocial_Sdk_Extra_Frameworks/Tumblr",
					"$(PROJECT_DIR)/Pods/UMengSocial/Umeng_SDK_Social_iOS_ARM64_4.4/UMSocial_Sdk_Extra_Frameworks/Twitter",
					"$(PROJECT_DIR)/Pods/UMengSocial/Umeng_SDK_Social_iOS_ARM64_4.4/UMSocial_Sdk_Extra_Frameworks/Wechat",
					"$(PROJECT_DIR)/Pods/UMengSocial/Umeng_SDK_Social_iOS_ARM64_4.4/UMSocial_Sdk_Extra_Frameworks/Whatsapp",
				);
				PRODUCT_BUNDLE_IDENTIFIER = "---.UMSocialShare";
				PRODUCT_NAME = "$(TARGET_NAME)";
			};
			name = Debug;
		};
		25E02FC41C4347EC00C15D6D /* Release */ = {
			isa = XCBuildConfiguration;
			baseConfigurationReference = 259A0BFC5D71ECD8497EA745 /* Pods.release.xcconfig */;
			buildSettings = {
				ASSETCATALOG_COMPILER_APPICON_NAME = AppIcon;
				CODE_SIGN_IDENTITY = "iPhone Developer";
				ENABLE_BITCODE = NO;
				FRAMEWORK_SEARCH_PATHS = (
					"$(inherited)",
					"$(PROJECT_DIR)/Pods/UMengSocial/Umeng_SDK_Social_iOS_ARM64_4.4/UMSocial_Sdk_Extra_Frameworks/Facebook",
					"$(PROJECT_DIR)/Pods/UMengSocial/Umeng_SDK_Social_iOS_ARM64_4.4/UMSocial_Sdk_Extra_Frameworks/TencentOpenAPI",
					"$(PROJECT_DIR)/Pods/UMengSocial/Umeng_SDK_Social_iOS_ARM64_4.4/UMSocial_Sdk_Extra_Frameworks/Twitter",
				);
				INFOPLIST_FILE = UMSocialShare/Info.plist;
				IPHONEOS_DEPLOYMENT_TARGET = 7.0;
				LD_RUNPATH_SEARCH_PATHS = "$(inherited) @executable_path/Frameworks";
				LIBRARY_SEARCH_PATHS = (
					"$(inherited)",
					"$(PROJECT_DIR)/Pods/UMengSocial/Umeng_SDK_Social_iOS_ARM64_4.4/UMSocial_Sdk_4.4",
					"$(PROJECT_DIR)/Pods/UMengSocial/Umeng_SDK_Social_iOS_ARM64_4.4/UMSocial_Sdk_Extra_Frameworks/AlipayShare",
					"$(PROJECT_DIR)/Pods/UMengSocial/Umeng_SDK_Social_iOS_ARM64_4.4/UMSocial_Sdk_Extra_Frameworks/Facebook",
					"$(PROJECT_DIR)/Pods/UMengSocial/Umeng_SDK_Social_iOS_ARM64_4.4/UMSocial_Sdk_Extra_Frameworks/Instagram",
					"$(PROJECT_DIR)/Pods/UMengSocial/Umeng_SDK_Social_iOS_ARM64_4.4/UMSocial_Sdk_Extra_Frameworks/LaiWang",
					"$(PROJECT_DIR)/Pods/UMengSocial/Umeng_SDK_Social_iOS_ARM64_4.4/UMSocial_Sdk_Extra_Frameworks/Line",
					"$(PROJECT_DIR)/Pods/UMengSocial/Umeng_SDK_Social_iOS_ARM64_4.4/UMSocial_Sdk_Extra_Frameworks/Sina",
					"$(PROJECT_DIR)/Pods/UMengSocial/Umeng_SDK_Social_iOS_ARM64_4.4/UMSocial_Sdk_Extra_Frameworks/SinaSSO",
					"$(PROJECT_DIR)/Pods/UMengSocial/Umeng_SDK_Social_iOS_ARM64_4.4/UMSocial_Sdk_Extra_Frameworks/TencentOpenAPI",
					"$(PROJECT_DIR)/Pods/UMengSocial/Umeng_SDK_Social_iOS_ARM64_4.4/UMSocial_Sdk_Extra_Frameworks/Tumblr",
					"$(PROJECT_DIR)/Pods/UMengSocial/Umeng_SDK_Social_iOS_ARM64_4.4/UMSocial_Sdk_Extra_Frameworks/Twitter",
					"$(PROJECT_DIR)/Pods/UMengSocial/Umeng_SDK_Social_iOS_ARM64_4.4/UMSocial_Sdk_Extra_Frameworks/Wechat",
					"$(PROJECT_DIR)/Pods/UMengSocial/Umeng_SDK_Social_iOS_ARM64_4.4/UMSocial_Sdk_Extra_Frameworks/Whatsapp",
				);
				PRODUCT_BUNDLE_IDENTIFIER = "---.UMSocialShare";
				PRODUCT_NAME = "$(TARGET_NAME)";
			};
			name = Release;
		};
/* End XCBuildConfiguration section */

/* Begin XCConfigurationList section */
		25E02FA61C4347EB00C15D6D /* Build configuration list for PBXProject "UMSocialShare" */ = {
			isa = XCConfigurationList;
			buildConfigurations = (
				25E02FC01C4347EC00C15D6D /* Debug */,
				25E02FC11C4347EC00C15D6D /* Release */,
			);
			defaultConfigurationIsVisible = 0;
			defaultConfigurationName = Release;
		};
		25E02FC21C4347EC00C15D6D /* Build configuration list for PBXNativeTarget "UMSocialShare" */ = {
			isa = XCConfigurationList;
			buildConfigurations = (
				25E02FC31C4347EC00C15D6D /* Debug */,
				25E02FC41C4347EC00C15D6D /* Release */,
			);
			defaultConfigurationIsVisible = 0;
			defaultConfigurationName = Release;
		};
/* End XCConfigurationList section */
	};
	rootObject = 25E02FA31C4347EB00C15D6D /* Project object */;
}
